<?xml version="1.0" encoding="utf-8"?>
<Project ToolsVersion="4.0" xmlns="http://schemas.microsoft.com/developer/msbuild/2003">
  <ItemGroup>
    <Filter Include="Source Files">
      <UniqueIdentifier>{4FC737F1-C7A5-4376-A066-2A32D752A2FF}</UniqueIdentifier>
      <Extensions>cpp;c;cc;cxx;def;odl;idl;hpj;bat;asm;asmx</Extensions>
    </Filter>
    <Filter Include="Header Files">
      <UniqueIdentifier>{93995380-89BD-4b04-88EB-625FBE52EBFB}</UniqueIdentifier>
      <Extensions>h;hh;hpp;hxx;hm;inl;inc;xsd</Extensions>
    </Filter>
    <Filter Include="Resource Files">
      <UniqueIdentifier>{67DA6AB6-F800-4c08-8B7A-83BB121AAD01}</UniqueIdentifier>
      <Extensions>rc;ico;cur;bmp;dlg;rc2;rct;bin;rgs;gif;jpg;jpeg;jpe;resx;tiff;tif;png;wav</Extensions>
    </Filter>
  </ItemGroup>
  <ItemGroup>
    <ClCompile Include="carve-capi.cc">
      <Filter>Source Files</Filter>
    </ClCompile>
    <ClCompile Include="carve-util.cc">
      <Filter>Source Files</Filter>
    </ClCompile>
    <ClCompile Include="lib\carve.cpp">
      <Filter>Source Files</Filter>
    </ClCompile>
    <ClCompile Include="lib\convex_hull.cpp">
      <Filter>Source Files</Filter>
    </ClCompile>
    <ClCompile Include="lib\csg.cpp">
      <Filter>Source Files</Filter>
    </ClCompile>
    <ClCompile Include="lib\csg_collector.cpp">
      <Filter>Source Files</Filter>
    </ClCompile>
    <ClCompile Include="lib\face.cpp">
      <Filter>Source Files</Filter>
    </ClCompile>
    <ClCompile Include="lib\geom2d.cpp">
      <Filter>Source Files</Filter>
    </ClCompile>
    <ClCompile Include="lib\geom3d.cpp">
      <Filter>Source Files</Filter>
    </ClCompile>
    <ClCompile Include="lib\intersect.cpp">
      <Filter>Source Files</Filter>
    </ClCompile>
    <ClCompile Include="lib\intersection.cpp">
      <Filter>Source Files</Filter>
    </ClCompile>
    <ClCompile Include="lib\intersect_classify_edge.cpp">
      <Filter>Source Files</Filter>
    </ClCompile>
    <ClCompile Include="lib\intersect_classify_group.cpp">
      <Filter>Source Files</Filter>
    </ClCompile>
    <ClCompile Include="lib\intersect_debug.cpp">
      <Filter>Source Files</Filter>
    </ClCompile>
    <ClCompile Include="lib\intersect_face_division.cpp">
      <Filter>Source Files</Filter>
    </ClCompile>
    <ClCompile Include="lib\intersect_group.cpp">
      <Filter>Source Files</Filter>
    </ClCompile>
    <ClCompile Include="lib\intersect_half_classify_group.cpp">
      <Filter>Source Files</Filter>
    </ClCompile>
    <ClCompile Include="lib\math.cpp">
      <Filter>Source Files</Filter>
    </ClCompile>
    <ClCompile Include="lib\mesh.cpp">
      <Filter>Source Files</Filter>
    </ClCompile>
    <ClCompile Include="lib\octree.cpp">
      <Filter>Source Files</Filter>
    </ClCompile>
    <ClCompile Include="lib\pointset.cpp">
      <Filter>Source Files</Filter>
    </ClCompile>
    <ClCompile Include="lib\polyhedron.cpp">
      <Filter>Source Files</Filter>
    </ClCompile>
    <ClCompile Include="lib\polyline.cpp">
      <Filter>Source Files</Filter>
    </ClCompile>
    <ClCompile Include="lib\tag.cpp">
      <Filter>Source Files</Filter>
    </ClCompile>
    <ClCompile Include="lib\timing.cpp">
      <Filter>Source Files</Filter>
    </ClCompile>
    <ClCompile Include="lib\triangulator.cpp">
      <Filter>Source Files</Filter>
    </ClCompile>
  </ItemGroup>
  <ItemGroup>
    <ClInclude Include="carve-capi.h">
      <Filter>Header Files</Filter>
    </ClInclude>
    <ClInclude Include="carve-util.h">
      <Filter>Header Files</Filter>
    </ClInclude>
    <ClInclude Include="include\carve\cbrt.h">
      <Filter>Header Files</Filter>
    </ClInclude>
    <ClInclude Include="include\carve\config.h">
      <Filter>Header Files</Filter>
    </ClInclude>
    <ClInclude Include="include\carve\gnu_cxx.h">
      <Filter>Header Files</Filter>
    </ClInclude>
    <ClInclude Include="include\carve\vcpp_config.h">
      <Filter>Header Files</Filter>
    </ClInclude>
    <ClInclude Include="include\carve\win32.h">
      <Filter>Header Files</Filter>
    </ClInclude>
    <ClInclude Include="include\carve\aabb.hpp">
      <Filter>Header Files</Filter>
    </ClInclude>
    <ClInclude Include="include\carve\aabb_impl.hpp">
      <Filter>Header Files</Filter>
    </ClInclude>
    <ClInclude Include="include\carve\carve.hpp">
      <Filter>Header Files</Filter>
    </ClInclude>
    <ClInclude Include="include\carve\classification.hpp">
      <Filter>Header Files</Filter>
    </ClInclude>
    <ClInclude Include="include\carve\collection.hpp">
      <Filter>Header Files</Filter>
    </ClInclude>
    <ClInclude Include="include\carve\collection_types.hpp">
      <Filter>Header Files</Filter>
    </ClInclude>
    <ClInclude Include="include\carve\colour.hpp">
      <Filter>Header Files</Filter>
    </ClInclude>
    <ClInclude Include="include\carve\convex_hull.hpp">
      <Filter>Header Files</Filter>
    </ClInclude>
    <ClInclude Include="include\carve\csg.hpp">
      <Filter>Header Files</Filter>
    </ClInclude>
    <ClInclude Include="include\carve\csg_triangulator.hpp">
      <Filter>Header Files</Filter>
    </ClInclude>
    <ClInclude Include="include\carve\debug_hooks.hpp">
      <Filter>Header Files</Filter>
    </ClInclude>
    <ClInclude Include="include\carve\djset.hpp">
      <Filter>Header Files</Filter>
    </ClInclude>
    <ClInclude Include="include\carve\edge_decl.hpp">
      <Filter>Header Files</Filter>
    </ClInclude>
    <ClInclude Include="include\carve\edge_impl.hpp">
      <Filter>Header Files</Filter>
    </ClInclude>
    <ClInclude Include="include\carve\exact.hpp">
      <Filter>Header Files</Filter>
    </ClInclude>
    <ClInclude Include="include\carve\faceloop.hpp">
      <Filter>Header Files</Filter>
    </ClInclude>
    <ClInclude Include="include\carve\face_decl.hpp">
      <Filter>Header Files</Filter>
    </ClInclude>
    <ClInclude Include="include\carve\face_impl.hpp">
      <Filter>Header Files</Filter>
    </ClInclude>
    <ClInclude Include="include\carve\geom.hpp">
      <Filter>Header Files</Filter>
    </ClInclude>
    <ClInclude Include="include\carve\geom2d.hpp">
      <Filter>Header Files</Filter>
    </ClInclude>
    <ClInclude Include="include\carve\geom3d.hpp">
      <Filter>Header Files</Filter>
    </ClInclude>
    <ClInclude Include="include\carve\geom_impl.hpp">
      <Filter>Header Files</Filter>
    </ClInclude>
    <ClInclude Include="include\carve\heap.hpp">
      <Filter>Header Files</Filter>
    </ClInclude>
    <ClInclude Include="include\carve\input.hpp">
      <Filter>Header Files</Filter>
    </ClInclude>
    <ClInclude Include="include\carve\interpolator.hpp">
      <Filter>Header Files</Filter>
    </ClInclude>
    <ClInclude Include="include\carve\intersection.hpp">
      <Filter>Header Files</Filter>
    </ClInclude>
    <ClInclude Include="include\carve\iobj.hpp">
      <Filter>Header Files</Filter>
    </ClInclude>
    <ClInclude Include="include\carve\kd_node.hpp">
      <Filter>Header Files</Filter>
    </ClInclude>
    <ClInclude Include="include\carve\math.hpp">
      <Filter>Header Files</Filter>
    </ClInclude>
    <ClInclude Include="include\carve\math_constants.hpp">
      <Filter>Header Files</Filter>
    </ClInclude>
    <ClInclude Include="include\carve\matrix.hpp">
      <Filter>Header Files</Filter>
    </ClInclude>
    <ClInclude Include="include\carve\mesh.hpp">
      <Filter>Header Files</Filter>
    </ClInclude>
    <ClInclude Include="include\carve\mesh_impl.hpp">
      <Filter>Header Files</Filter>
    </ClInclude>
    <ClInclude Include="include\carve\mesh_ops.hpp">
      <Filter>Header Files</Filter>
    </ClInclude>
    <ClInclude Include="include\carve\mesh_simplify.hpp">
      <Filter>Header Files</Filter>
    </ClInclude>
    <ClInclude Include="include\carve\octree_decl.hpp">
      <Filter>Header Files</Filter>
    </ClInclude>
    <ClInclude Include="include\carve\octree_impl.hpp">
      <Filter>Header Files</Filter>
    </ClInclude>
    <ClInclude Include="include\carve\pointset.hpp">
      <Filter>Header Files</Filter>
    </ClInclude>
    <ClInclude Include="include\carve\pointset_decl.hpp">
      <Filter>Header Files</Filter>
    </ClInclude>
    <ClInclude Include="include\carve\pointset_impl.hpp">
      <Filter>Header Files</Filter>
    </ClInclude>
    <ClInclude Include="include\carve\pointset_iter.hpp">
      <Filter>Header Files</Filter>
    </ClInclude>
    <ClInclude Include="include\carve\poly.hpp">
      <Filter>Header Files</Filter>
    </ClInclude>
    <ClInclude Include="include\carve\polyhedron_base.hpp">
      <Filter>Header Files</Filter>
    </ClInclude>
    <ClInclude Include="include\carve\polyhedron_decl.hpp">
      <Filter>Header Files</Filter>
    </ClInclude>
    <ClInclude Include="include\carve\polyhedron_impl.hpp">
      <Filter>Header Files</Filter>
    </ClInclude>
    <ClInclude Include="include\carve\polyline.hpp">
      <Filter>Header Files</Filter>
    </ClInclude>
    <ClInclude Include="include\carve\polyline_decl.hpp">
      <Filter>Header Files</Filter>
    </ClInclude>
    <ClInclude Include="include\carve\polyline_impl.hpp">
      <Filter>Header Files</Filter>
    </ClInclude>
    <ClInclude Include="include\carve\polyline_iter.hpp">
      <Filter>Header Files</Filter>
    </ClInclude>
    <ClInclude Include="include\carve\poly_decl.hpp">
      <Filter>Header Files</Filter>
    </ClInclude>
    <ClInclude Include="include\carve\poly_impl.hpp">
      <Filter>Header Files</Filter>
    </ClInclude>
    <ClInclude Include="include\carve\rescale.hpp">
      <Filter>Header Files</Filter>
    </ClInclude>
    <ClInclude Include="include\carve\rtree.hpp">
      <Filter>Header Files</Filter>
    </ClInclude>
    <ClInclude Include="include\carve\spacetree.hpp">
      <Filter>Header Files</Filter>
    </ClInclude>
    <ClInclude Include="include\carve\tag.hpp">
      <Filter>Header Files</Filter>
    </ClInclude>
    <ClInclude Include="include\carve\timing.hpp">
      <Filter>Header Files</Filter>
    </ClInclude>
    <ClInclude Include="include\carve\tree.hpp">
      <Filter>Header Files</Filter>
    </ClInclude>
    <ClInclude Include="include\carve\triangle_intersection.hpp">
      <Filter>Header Files</Filter>
    </ClInclude>
    <ClInclude Include="include\carve\triangulator.hpp">
      <Filter>Header Files</Filter>
    </ClInclude>
    <ClInclude Include="include\carve\triangulator_impl.hpp">
      <Filter>Header Files</Filter>
    </ClInclude>
    <ClInclude Include="include\carve\util.hpp">
      <Filter>Header Files</Filter>
    </ClInclude>
    <ClInclude Include="include\carve\vector.hpp">
      <Filter>Header Files</Filter>
    </ClInclude>
    <ClInclude Include="include\carve\vertex_decl.hpp">
      <Filter>Header Files</Filter>
    </ClInclude>
    <ClInclude Include="include\carve\vertex_impl.hpp">
      <Filter>Header Files</Filter>
    </ClInclude>
    <ClInclude Include="include\carve\collection\unordered.hpp">
      <Filter>Header Files</Filter>
    </ClInclude>
    <ClInclude Include="include\carve\collection\unordered\fallback_impl.hpp">
      <Filter>Header Files</Filter>
    </ClInclude>
    <ClInclude Include="include\carve\collection\unordered\libstdcpp_impl.hpp">
      <Filter>Header Files</Filter>
    </ClInclude>
    <ClInclude Include="include\carve\collection\unordered\std_impl.hpp">
      <Filter>Header Files</Filter>
    </ClInclude>
    <ClInclude Include="include\carve\collection\unordered\tr1_impl.hpp">
      <Filter>Header Files</Filter>
    </ClInclude>
    <ClInclude Include="include\carve\collection\unordered\vcpp_impl.hpp">
      <Filter>Header Files</Filter>
    </ClInclude>
    <ClInclude Include="include\carve\random\random.h">
      <Filter>Header Files</Filter>
    </ClInclude>
    <ClInclude Include="lib\csg_collector.hpp">
      <Filter>Header Files</Filter>
    </ClInclude>
    <ClInclude Include="lib\csg_data.hpp">
      <Filter>Header Files</Filter>
    </ClInclude>
    <ClInclude Include="lib\csg_detail.hpp">
      <Filter>Header Files</Filter>
    </ClInclude>
    <ClInclude Include="lib\intersect_classify_common.hpp">
      <Filter>Header Files</Filter>
    </ClInclude>
    <ClInclude Include="lib\intersect_classify_common_impl.hpp">
      <Filter>Header Files</Filter>
    </ClInclude>
    <ClInclude Include="lib\intersect_common.hpp">
      <Filter>Header Files</Filter>
    </ClInclude>
    <ClInclude Include="lib\intersect_debug.hpp">
      <Filter>Header Files</Filter>
    </ClInclude>
    <ClInclude Include="patches\files\config.h">
      <Filter>Header Files</Filter>
    </ClInclude>
    <ClInclude Include="patches\files\random.h">
      <Filter>Header Files</Filter>
    </ClInclude>
  </ItemGroup>
</Project>